// !$*UTF8*$!
{
	archiveVersion = 1;
	classes = {
	};
	objectVersion = 46;
	objects = {

/* Begin PBXBuildFile section */
		550764B616ADE78000AF5F0A /* Icon-72.png in Resources */ = {isa = PBXBuildFile; fileRef = 550764AB16ADE78000AF5F0A /* Icon-72.png */; };
		550764B716ADE78000AF5F0A /* Icon-72@2x.png in Resources */ = {isa = PBXBuildFile; fileRef = 550764AC16ADE78000AF5F0A /* Icon-72@2x.png */; };
		550764B816ADE78000AF5F0A /* Icon-Small-50.png in Resources */ = {isa = PBXBuildFile; fileRef = 550764AD16ADE78000AF5F0A /* Icon-Small-50.png */; };
		550764B916ADE78000AF5F0A /* Icon-Small-50@2x.png in Resources */ = {isa = PBXBuildFile; fileRef = 550764AE16ADE78000AF5F0A /* Icon-Small-50@2x.png */; };
		550764BA16ADE78000AF5F0A /* Icon-Small.png in Resources */ = {isa = PBXBuildFile; fileRef = 550764AF16ADE78000AF5F0A /* Icon-Small.png */; };
		550764BB16ADE78000AF5F0A /* Icon-Small@2x.png in Resources */ = {isa = PBXBuildFile; fileRef = 550764B016ADE78000AF5F0A /* Icon-Small@2x.png */; };
		550764BC16ADE78000AF5F0A /* Icon.png in Resources */ = {isa = PBXBuildFile; fileRef = 550764B116ADE78000AF5F0A /* Icon.png */; };
		550764BD16ADE78000AF5F0A /* Icon@2x.png in Resources */ = {isa = PBXBuildFile; fileRef = 550764B216ADE78000AF5F0A /* Icon@2x.png */; };
		550764BE16ADE78000AF5F0A /* Icon1024flat.png in Resources */ = {isa = PBXBuildFile; fileRef = 550764B316ADE78000AF5F0A /* Icon1024flat.png */; };
		550764BF16ADE78000AF5F0A /* iTunesArtwork.png in Resources */ = {isa = PBXBuildFile; fileRef = 550764B416ADE78000AF5F0A /* iTunesArtwork.png */; };
		550764C016ADE78000AF5F0A /* iTunesArtwork@2x.png in Resources */ = {isa = PBXBuildFile; fileRef = 550764B516ADE78000AF5F0A /* iTunesArtwork@2x.png */; };
		550764C716ADEE8C00AF5F0A /* ImagePlaceHolder.png in Resources */ = {isa = PBXBuildFile; fileRef = 550764C516ADEE8C00AF5F0A /* ImagePlaceHolder.png */; };
		550764C816ADEE8C00AF5F0A /* ImagePlaceHolder@2x.png in Resources */ = {isa = PBXBuildFile; fileRef = 550764C616ADEE8C00AF5F0A /* ImagePlaceHolder@2x.png */; };
		550764CC16ADF66600AF5F0A /* RowImagePlaceHolder.png in Resources */ = {isa = PBXBuildFile; fileRef = 550764CA16ADF66600AF5F0A /* RowImagePlaceHolder.png */; };
		550764CD16ADF66600AF5F0A /* RowImagePlaceHolder@2x.png in Resources */ = {isa = PBXBuildFile; fileRef = 550764CB16ADF66600AF5F0A /* RowImagePlaceHolder@2x.png */; };
		5529183115D8AA1500765DEE /* EventsViewController.m in Sources */ = {isa = PBXBuildFile; fileRef = 5529183015D8AA1500765DEE /* EventsViewController.m */; };
		5529183415D8AB4600765DEE /* Event.m in Sources */ = {isa = PBXBuildFile; fileRef = 5529183315D8AB4600765DEE /* Event.m */; };
		5529183715D8ACE000765DEE /* Venue.m in Sources */ = {isa = PBXBuildFile; fileRef = 5529183615D8ACE000765DEE /* Venue.m */; };
		552B976B15D8CE8900A4DC45 /* APIWrapper.m in Sources */ = {isa = PBXBuildFile; fileRef = 552B976A15D8CE8900A4DC45 /* APIWrapper.m */; };
		552DA31015F17B2000951CB8 /* EventCell.m in Sources */ = {isa = PBXBuildFile; fileRef = 552DA30F15F17B2000951CB8 /* EventCell.m */; };
		555A381115D83D2E005D273C /* UIKit.framework in Frameworks */ = {isa = PBXBuildFile; fileRef = 555A381015D83D2E005D273C /* UIKit.framework */; };
		555A381315D83D2E005D273C /* Foundation.framework in Frameworks */ = {isa = PBXBuildFile; fileRef = 555A381215D83D2E005D273C /* Foundation.framework */; };
		555A381515D83D2E005D273C /* CoreGraphics.framework in Frameworks */ = {isa = PBXBuildFile; fileRef = 555A381415D83D2E005D273C /* CoreGraphics.framework */; };
		555A381B15D83D2E005D273C /* InfoPlist.strings in Resources */ = {isa = PBXBuildFile; fileRef = 555A381915D83D2E005D273C /* InfoPlist.strings */; };
		555A381D15D83D2E005D273C /* main.m in Sources */ = {isa = PBXBuildFile; fileRef = 555A381C15D83D2E005D273C /* main.m */; };
		555A382115D83D2E005D273C /* AppDelegate.m in Sources */ = {isa = PBXBuildFile; fileRef = 555A382015D83D2E005D273C /* AppDelegate.m */; };
		555A382415D83D2E005D273C /* MainStoryboard_iPhone.storyboard in Resources */ = {isa = PBXBuildFile; fileRef = 555A382215D83D2E005D273C /* MainStoryboard_iPhone.storyboard */; };
		555A383515D83D2F005D273C /* SenTestingKit.framework in Frameworks */ = {isa = PBXBuildFile; fileRef = 555A383415D83D2F005D273C /* SenTestingKit.framework */; };
		555A383615D83D2F005D273C /* UIKit.framework in Frameworks */ = {isa = PBXBuildFile; fileRef = 555A381015D83D2E005D273C /* UIKit.framework */; };
		555A383715D83D2F005D273C /* Foundation.framework in Frameworks */ = {isa = PBXBuildFile; fileRef = 555A381215D83D2E005D273C /* Foundation.framework */; };
		555A383F15D83D2F005D273C /* InfoPlist.strings in Resources */ = {isa = PBXBuildFile; fileRef = 555A383D15D83D2F005D273C /* InfoPlist.strings */; };
		555A384215D83D2F005D273C /* NoiteHojeTests.m in Sources */ = {isa = PBXBuildFile; fileRef = 555A384115D83D2F005D273C /* NoiteHojeTests.m */; };
		555A385615D83DE0005D273C /* Default.png in Resources */ = {isa = PBXBuildFile; fileRef = 555A385015D83DE0005D273C /* Default.png */; };
		555A385715D83DE0005D273C /* Default@2x.png in Resources */ = {isa = PBXBuildFile; fileRef = 555A385115D83DE0005D273C /* Default@2x.png */; };
		555A385815D83DE0005D273C /* MainBG.png in Resources */ = {isa = PBXBuildFile; fileRef = 555A385215D83DE0005D273C /* MainBG.png */; };
		555A385915D83DE0005D273C /* MainBG@2x.png in Resources */ = {isa = PBXBuildFile; fileRef = 555A385315D83DE0005D273C /* MainBG@2x.png */; };
		555C11A416576084007196F0 /* SidebarViewController.m in Sources */ = {isa = PBXBuildFile; fileRef = 555C11A316576084007196F0 /* SidebarViewController.m */; };
		555C11A716576440007196F0 /* ButtonMenu.png in Resources */ = {isa = PBXBuildFile; fileRef = 555C11A516576440007196F0 /* ButtonMenu.png */; };
		555C11A816576440007196F0 /* ButtonMenu@2x.png in Resources */ = {isa = PBXBuildFile; fileRef = 555C11A616576440007196F0 /* ButtonMenu@2x.png */; };
		555C11B016581B4B007196F0 /* SidebarCell.m in Sources */ = {isa = PBXBuildFile; fileRef = 555C11AF16581B4B007196F0 /* SidebarCell.m */; };
		558390A8163C8755002340CB /* StartViewController.m in Sources */ = {isa = PBXBuildFile; fileRef = 558390A7163C8755002340CB /* StartViewController.m */; };
		558390AB163C928F002340CB /* EventDetailsRow.png in Resources */ = {isa = PBXBuildFile; fileRef = 558390A9163C928F002340CB /* EventDetailsRow.png */; };
		558390AC163C928F002340CB /* EventDetailsRow@2x.png in Resources */ = {isa = PBXBuildFile; fileRef = 558390AA163C928F002340CB /* EventDetailsRow@2x.png */; };
		558390B2163CB54C002340CB /* MapKit.framework in Frameworks */ = {isa = PBXBuildFile; fileRef = 558390B1163CB54C002340CB /* MapKit.framework */; };
		558390B5163CB661002340CB /* EventMapViewController.m in Sources */ = {isa = PBXBuildFile; fileRef = 558390B4163CB661002340CB /* EventMapViewController.m */; };
		558390BB163CBA56002340CB /* MapPin.m in Sources */ = {isa = PBXBuildFile; fileRef = 558390BA163CBA56002340CB /* MapPin.m */; };
		5586F1F9164B8A2200B7325C /* LocationManager.m in Sources */ = {isa = PBXBuildFile; fileRef = 5586F1F8164B8A2200B7325C /* LocationManager.m */; };
		558887C11668814B00D6FCB6 /* DescriptionTemplate.tp in Resources */ = {isa = PBXBuildFile; fileRef = 558887C01668814B00D6FCB6 /* DescriptionTemplate.tp */; };
		558887C41668832E00D6FCB6 /* NHMapIcon.png in Resources */ = {isa = PBXBuildFile; fileRef = 558887C21668832E00D6FCB6 /* NHMapIcon.png */; };
		558887C51668832E00D6FCB6 /* NHMapIcon@2x.png in Resources */ = {isa = PBXBuildFile; fileRef = 558887C31668832E00D6FCB6 /* NHMapIcon@2x.png */; };
		5590AE3515FB0CF800BE3754 /* LoginViewController.m in Sources */ = {isa = PBXBuildFile; fileRef = 5590AE3415FB0CF800BE3754 /* LoginViewController.m */; };
		5597C4D0164F6CD700449789 /* QuartzCore.framework in Frameworks */ = {isa = PBXBuildFile; fileRef = 5597C4CF164F6CD700449789 /* QuartzCore.framework */; };
		55AA511F163761FF00C967E7 /* Accounts.framework in Frameworks */ = {isa = PBXBuildFile; fileRef = 55AA511D163761FF00C967E7 /* Accounts.framework */; settings = {ATTRIBUTES = (Weak, ); }; };
		55AA5120163761FF00C967E7 /* AdSupport.framework in Frameworks */ = {isa = PBXBuildFile; fileRef = 55AA511E163761FF00C967E7 /* AdSupport.framework */; settings = {ATTRIBUTES = (Weak, ); }; };
		55AA51221637621800C967E7 /* Social.framework in Frameworks */ = {isa = PBXBuildFile; fileRef = 55AA51211637621800C967E7 /* Social.framework */; settings = {ATTRIBUTES = (Weak, ); }; };
		55AA51241637632300C967E7 /* Default-568h@2x.png in Resources */ = {isa = PBXBuildFile; fileRef = 55AA51231637632300C967E7 /* Default-568h@2x.png */; };
		55BE39DC1652117100806EBD /* PagedEvents.m in Sources */ = {isa = PBXBuildFile; fileRef = 55BE39DB1652117100806EBD /* PagedEvents.m */; };
		55CDE4FE169A6A8F009BD8B9 /* FacebookConnectButton.png in Resources */ = {isa = PBXBuildFile; fileRef = 55CDE4FC169A6A8F009BD8B9 /* FacebookConnectButton.png */; };
		55CDE4FF169A6A8F009BD8B9 /* FacebookConnectButton@2x.png in Resources */ = {isa = PBXBuildFile; fileRef = 55CDE4FD169A6A8F009BD8B9 /* FacebookConnectButton@2x.png */; };
		55CDE52A169A7565009BD8B9 /* LogoutIcon.png in Resources */ = {isa = PBXBuildFile; fileRef = 55CDE528169A7565009BD8B9 /* LogoutIcon.png */; };
		55CDE52B169A7565009BD8B9 /* LogoutIcon@2x.png in Resources */ = {isa = PBXBuildFile; fileRef = 55CDE529169A7565009BD8B9 /* LogoutIcon@2x.png */; };
		55CDE537169A77BB009BD8B9 /* CitySelector.png in Resources */ = {isa = PBXBuildFile; fileRef = 55CDE535169A77BB009BD8B9 /* CitySelector.png */; };
		55CDE538169A77BB009BD8B9 /* CitySelector@2x.png in Resources */ = {isa = PBXBuildFile; fileRef = 55CDE536169A77BB009BD8B9 /* CitySelector@2x.png */; };
		55CEAD30168E9233008BF540 /* NSString+URLEncoding.m in Sources */ = {isa = PBXBuildFile; fileRef = 55CEAD2F168E9233008BF540 /* NSString+URLEncoding.m */; };
		55F5295216490755005EC26F /* CoreLocation.framework in Frameworks */ = {isa = PBXBuildFile; fileRef = 55F5295116490755005EC26F /* CoreLocation.framework */; };
		55F8E48A163B68F700F8DEC0 /* EventDetailsViewController.m in Sources */ = {isa = PBXBuildFile; fileRef = 55F8E489163B68F700F8DEC0 /* EventDetailsViewController.m */; };
		55F8E495163B81CB00F8DEC0 /* RowCellBG.png in Resources */ = {isa = PBXBuildFile; fileRef = 55F8E490163B81CB00F8DEC0 /* RowCellBG.png */; };
		55F8E496163B81CB00F8DEC0 /* RowCellBG@2x.png in Resources */ = {isa = PBXBuildFile; fileRef = 55F8E491163B81CB00F8DEC0 /* RowCellBG@2x.png */; };
		55F8E497163B81CB00F8DEC0 /* RowCellSelectedBG.png in Resources */ = {isa = PBXBuildFile; fileRef = 55F8E492163B81CB00F8DEC0 /* RowCellSelectedBG.png */; };
		55F8E498163B81CB00F8DEC0 /* RowCellSelectedBG@2x.png in Resources */ = {isa = PBXBuildFile; fileRef = 55F8E493163B81CB00F8DEC0 /* RowCellSelectedBG@2x.png */; };
		55F8E49B163B89F300F8DEC0 /* NavigationBarLogo.png in Resources */ = {isa = PBXBuildFile; fileRef = 55F8E499163B89F300F8DEC0 /* NavigationBarLogo.png */; };
		55F8E49C163B89F300F8DEC0 /* NavigationBarLogo@2x.png in Resources */ = {isa = PBXBuildFile; fileRef = 55F8E49A163B89F300F8DEC0 /* NavigationBarLogo@2x.png */; };
		55F8E49F163B902300F8DEC0 /* NoiteHojeViewController.m in Sources */ = {isa = PBXBuildFile; fileRef = 55F8E49E163B902300F8DEC0 /* NoiteHojeViewController.m */; };
		55F8E4A5163B95EE00F8DEC0 /* UIColor+Extensions.m in Sources */ = {isa = PBXBuildFile; fileRef = 55F8E4A4163B95EE00F8DEC0 /* UIColor+Extensions.m */; };
		5DCFCCC2CB8C49329BE24B03 /* libPods.a in Frameworks */ = {isa = PBXBuildFile; fileRef = 8F15B9029F274E12B89ED8B0 /* libPods.a */; };
/* End PBXBuildFile section */

/* Begin PBXContainerItemProxy section */
		555A383815D83D2F005D273C /* PBXContainerItemProxy */ = {
			isa = PBXContainerItemProxy;
			containerPortal = 555A380315D83D2E005D273C /* Project object */;
			proxyType = 1;
			remoteGlobalIDString = 555A380B15D83D2E005D273C;
			remoteInfo = NoiteHoje;
		};
/* End PBXContainerItemProxy section */

/* Begin PBXFileReference section */
		4C85D1FA12774D3285A8BB66 /* Pods.xcconfig */ = {isa = PBXFileReference; includeInIndex = 1; lastKnownFileType = text.xcconfig; name = Pods.xcconfig; path = Pods/Pods.xcconfig; sourceTree = SOURCE_ROOT; };
		550764AB16ADE78000AF5F0A /* Icon-72.png */ = {isa = PBXFileReference; lastKnownFileType = image.png; name = "Icon-72.png"; path = "AppIcon/Icon-72.png"; sourceTree = "<group>"; };
		550764AC16ADE78000AF5F0A /* Icon-72@2x.png */ = {isa = PBXFileReference; lastKnownFileType = image.png; name = "Icon-72@2x.png"; path = "AppIcon/Icon-72@2x.png"; sourceTree = "<group>"; };
		550764AD16ADE78000AF5F0A /* Icon-Small-50.png */ = {isa = PBXFileReference; lastKnownFileType = image.png; name = "Icon-Small-50.png"; path = "AppIcon/Icon-Small-50.png"; sourceTree = "<group>"; };
		550764AE16ADE78000AF5F0A /* Icon-Small-50@2x.png */ = {isa = PBXFileReference; lastKnownFileType = image.png; name = "Icon-Small-50@2x.png"; path = "AppIcon/Icon-Small-50@2x.png"; sourceTree = "<group>"; };
		550764AF16ADE78000AF5F0A /* Icon-Small.png */ = {isa = PBXFileReference; lastKnownFileType = image.png; name = "Icon-Small.png"; path = "AppIcon/Icon-Small.png"; sourceTree = "<group>"; };
		550764B016ADE78000AF5F0A /* Icon-Small@2x.png */ = {isa = PBXFileReference; lastKnownFileType = image.png; name = "Icon-Small@2x.png"; path = "AppIcon/Icon-Small@2x.png"; sourceTree = "<group>"; };
		550764B116ADE78000AF5F0A /* Icon.png */ = {isa = PBXFileReference; lastKnownFileType = image.png; name = Icon.png; path = AppIcon/Icon.png; sourceTree = "<group>"; };
		550764B216ADE78000AF5F0A /* Icon@2x.png */ = {isa = PBXFileReference; lastKnownFileType = image.png; name = "Icon@2x.png"; path = "AppIcon/Icon@2x.png"; sourceTree = "<group>"; };
		550764B316ADE78000AF5F0A /* Icon1024flat.png */ = {isa = PBXFileReference; lastKnownFileType = image.png; name = Icon1024flat.png; path = AppIcon/Icon1024flat.png; sourceTree = "<group>"; };
		550764B416ADE78000AF5F0A /* iTunesArtwork.png */ = {isa = PBXFileReference; lastKnownFileType = image.png; name = iTunesArtwork.png; path = AppIcon/iTunesArtwork.png; sourceTree = "<group>"; };
		550764B516ADE78000AF5F0A /* iTunesArtwork@2x.png */ = {isa = PBXFileReference; lastKnownFileType = image.png; name = "iTunesArtwork@2x.png"; path = "AppIcon/iTunesArtwork@2x.png"; sourceTree = "<group>"; };
		550764C516ADEE8C00AF5F0A /* ImagePlaceHolder.png */ = {isa = PBXFileReference; lastKnownFileType = image.png; path = ImagePlaceHolder.png; sourceTree = "<group>"; };
		550764C616ADEE8C00AF5F0A /* ImagePlaceHolder@2x.png */ = {isa = PBXFileReference; lastKnownFileType = image.png; path = "ImagePlaceHolder@2x.png"; sourceTree = "<group>"; };
		550764CA16ADF66600AF5F0A /* RowImagePlaceHolder.png */ = {isa = PBXFileReference; lastKnownFileType = image.png; path = RowImagePlaceHolder.png; sourceTree = "<group>"; };
		550764CB16ADF66600AF5F0A /* RowImagePlaceHolder@2x.png */ = {isa = PBXFileReference; lastKnownFileType = image.png; path = "RowImagePlaceHolder@2x.png"; sourceTree = "<group>"; };
		5529182F15D8AA1500765DEE /* EventsViewController.h */ = {isa = PBXFileReference; fileEncoding = 4; lastKnownFileType = sourcecode.c.h; path = EventsViewController.h; sourceTree = "<group>"; };
		5529183015D8AA1500765DEE /* EventsViewController.m */ = {isa = PBXFileReference; fileEncoding = 4; lastKnownFileType = sourcecode.c.objc; path = EventsViewController.m; sourceTree = "<group>"; };
		5529183215D8AB4600765DEE /* Event.h */ = {isa = PBXFileReference; fileEncoding = 4; lastKnownFileType = sourcecode.c.h; path = Event.h; sourceTree = "<group>"; };
		5529183315D8AB4600765DEE /* Event.m */ = {isa = PBXFileReference; fileEncoding = 4; lastKnownFileType = sourcecode.c.objc; path = Event.m; sourceTree = "<group>"; };
		5529183515D8ACE000765DEE /* Venue.h */ = {isa = PBXFileReference; fileEncoding = 4; lastKnownFileType = sourcecode.c.h; path = Venue.h; sourceTree = "<group>"; };
		5529183615D8ACE000765DEE /* Venue.m */ = {isa = PBXFileReference; fileEncoding = 4; lastKnownFileType = sourcecode.c.objc; path = Venue.m; sourceTree = "<group>"; };
		552B976915D8CE8900A4DC45 /* APIWrapper.h */ = {isa = PBXFileReference; fileEncoding = 4; lastKnownFileType = sourcecode.c.h; path = APIWrapper.h; sourceTree = "<group>"; };
		552B976A15D8CE8900A4DC45 /* APIWrapper.m */ = {isa = PBXFileReference; fileEncoding = 4; lastKnownFileType = sourcecode.c.objc; path = APIWrapper.m; sourceTree = "<group>"; };
		552DA30E15F17B2000951CB8 /* EventCell.h */ = {isa = PBXFileReference; fileEncoding = 4; lastKnownFileType = sourcecode.c.h; path = EventCell.h; sourceTree = "<group>"; };
		552DA30F15F17B2000951CB8 /* EventCell.m */ = {isa = PBXFileReference; fileEncoding = 4; lastKnownFileType = sourcecode.c.objc; path = EventCell.m; sourceTree = "<group>"; };
		555A380C15D83D2E005D273C /* NoiteHoje.app */ = {isa = PBXFileReference; explicitFileType = wrapper.application; includeInIndex = 0; path = NoiteHoje.app; sourceTree = BUILT_PRODUCTS_DIR; };
		555A381015D83D2E005D273C /* UIKit.framework */ = {isa = PBXFileReference; lastKnownFileType = wrapper.framework; name = UIKit.framework; path = System/Library/Frameworks/UIKit.framework; sourceTree = SDKROOT; };
		555A381215D83D2E005D273C /* Foundation.framework */ = {isa = PBXFileReference; lastKnownFileType = wrapper.framework; name = Foundation.framework; path = System/Library/Frameworks/Foundation.framework; sourceTree = SDKROOT; };
		555A381415D83D2E005D273C /* CoreGraphics.framework */ = {isa = PBXFileReference; lastKnownFileType = wrapper.framework; name = CoreGraphics.framework; path = System/Library/Frameworks/CoreGraphics.framework; sourceTree = SDKROOT; };
		555A381815D83D2E005D273C /* NoiteHoje-Info.plist */ = {isa = PBXFileReference; lastKnownFileType = text.plist.xml; path = "NoiteHoje-Info.plist"; sourceTree = "<group>"; };
		555A381A15D83D2E005D273C /* en */ = {isa = PBXFileReference; lastKnownFileType = text.plist.strings; name = en; path = en.lproj/InfoPlist.strings; sourceTree = "<group>"; };
		555A381C15D83D2E005D273C /* main.m */ = {isa = PBXFileReference; lastKnownFileType = sourcecode.c.objc; path = main.m; sourceTree = "<group>"; };
		555A381E15D83D2E005D273C /* NoiteHoje-Prefix.pch */ = {isa = PBXFileReference; lastKnownFileType = sourcecode.c.h; path = "NoiteHoje-Prefix.pch"; sourceTree = "<group>"; };
		555A381F15D83D2E005D273C /* AppDelegate.h */ = {isa = PBXFileReference; lastKnownFileType = sourcecode.c.h; path = AppDelegate.h; sourceTree = "<group>"; };
		555A382015D83D2E005D273C /* AppDelegate.m */ = {isa = PBXFileReference; lastKnownFileType = sourcecode.c.objc; path = AppDelegate.m; sourceTree = "<group>"; };
		555A382315D83D2E005D273C /* en */ = {isa = PBXFileReference; lastKnownFileType = file.storyboard; name = en; path = en.lproj/MainStoryboard_iPhone.storyboard; sourceTree = "<group>"; };
		555A383315D83D2F005D273C /* NoiteHojeTests.octest */ = {isa = PBXFileReference; explicitFileType = wrapper.cfbundle; includeInIndex = 0; path = NoiteHojeTests.octest; sourceTree = BUILT_PRODUCTS_DIR; };
		555A383415D83D2F005D273C /* SenTestingKit.framework */ = {isa = PBXFileReference; lastKnownFileType = wrapper.framework; name = SenTestingKit.framework; path = Library/Frameworks/SenTestingKit.framework; sourceTree = DEVELOPER_DIR; };
		555A383C15D83D2F005D273C /* NoiteHojeTests-Info.plist */ = {isa = PBXFileReference; lastKnownFileType = text.plist.xml; path = "NoiteHojeTests-Info.plist"; sourceTree = "<group>"; };
		555A383E15D83D2F005D273C /* en */ = {isa = PBXFileReference; lastKnownFileType = text.plist.strings; name = en; path = en.lproj/InfoPlist.strings; sourceTree = "<group>"; };
		555A384015D83D2F005D273C /* NoiteHojeTests.h */ = {isa = PBXFileReference; lastKnownFileType = sourcecode.c.h; path = NoiteHojeTests.h; sourceTree = "<group>"; };
		555A384115D83D2F005D273C /* NoiteHojeTests.m */ = {isa = PBXFileReference; lastKnownFileType = sourcecode.c.objc; path = NoiteHojeTests.m; sourceTree = "<group>"; };
		555A385015D83DE0005D273C /* Default.png */ = {isa = PBXFileReference; lastKnownFileType = image.png; path = Default.png; sourceTree = "<group>"; };
		555A385115D83DE0005D273C /* Default@2x.png */ = {isa = PBXFileReference; lastKnownFileType = image.png; path = "Default@2x.png"; sourceTree = "<group>"; };
		555A385215D83DE0005D273C /* MainBG.png */ = {isa = PBXFileReference; lastKnownFileType = image.png; path = MainBG.png; sourceTree = "<group>"; };
		555A385315D83DE0005D273C /* MainBG@2x.png */ = {isa = PBXFileReference; lastKnownFileType = image.png; path = "MainBG@2x.png"; sourceTree = "<group>"; };
		555C11A216576084007196F0 /* SidebarViewController.h */ = {isa = PBXFileReference; fileEncoding = 4; lastKnownFileType = sourcecode.c.h; path = SidebarViewController.h; sourceTree = "<group>"; };
		555C11A316576084007196F0 /* SidebarViewController.m */ = {isa = PBXFileReference; fileEncoding = 4; lastKnownFileType = sourcecode.c.objc; path = SidebarViewController.m; sourceTree = "<group>"; };
		555C11A516576440007196F0 /* ButtonMenu.png */ = {isa = PBXFileReference; lastKnownFileType = image.png; path = ButtonMenu.png; sourceTree = "<group>"; };
		555C11A616576440007196F0 /* ButtonMenu@2x.png */ = {isa = PBXFileReference; lastKnownFileType = image.png; path = "ButtonMenu@2x.png"; sourceTree = "<group>"; };
		555C11AE16581B4B007196F0 /* SidebarCell.h */ = {isa = PBXFileReference; fileEncoding = 4; lastKnownFileType = sourcecode.c.h; path = SidebarCell.h; sourceTree = "<group>"; };
		555C11AF16581B4B007196F0 /* SidebarCell.m */ = {isa = PBXFileReference; fileEncoding = 4; lastKnownFileType = sourcecode.c.objc; path = SidebarCell.m; sourceTree = "<group>"; };
		558390A6163C8754002340CB /* StartViewController.h */ = {isa = PBXFileReference; fileEncoding = 4; lastKnownFileType = sourcecode.c.h; path = StartViewController.h; sourceTree = "<group>"; };
		558390A7163C8755002340CB /* StartViewController.m */ = {isa = PBXFileReference; fileEncoding = 4; lastKnownFileType = sourcecode.c.objc; path = StartViewController.m; sourceTree = "<group>"; };
		558390A9163C928F002340CB /* EventDetailsRow.png */ = {isa = PBXFileReference; lastKnownFileType = image.png; path = EventDetailsRow.png; sourceTree = "<group>"; };
		558390AA163C928F002340CB /* EventDetailsRow@2x.png */ = {isa = PBXFileReference; lastKnownFileType = image.png; path = "EventDetailsRow@2x.png"; sourceTree = "<group>"; };
		558390B1163CB54C002340CB /* MapKit.framework */ = {isa = PBXFileReference; lastKnownFileType = wrapper.framework; name = MapKit.framework; path = System/Library/Frameworks/MapKit.framework; sourceTree = SDKROOT; };
		558390B3163CB660002340CB /* EventMapViewController.h */ = {isa = PBXFileReference; fileEncoding = 4; lastKnownFileType = sourcecode.c.h; path = EventMapViewController.h; sourceTree = "<group>"; };
		558390B4163CB661002340CB /* EventMapViewController.m */ = {isa = PBXFileReference; fileEncoding = 4; lastKnownFileType = sourcecode.c.objc; path = EventMapViewController.m; sourceTree = "<group>"; };
		558390B9163CBA56002340CB /* MapPin.h */ = {isa = PBXFileReference; fileEncoding = 4; lastKnownFileType = sourcecode.c.h; path = MapPin.h; sourceTree = "<group>"; };
		558390BA163CBA56002340CB /* MapPin.m */ = {isa = PBXFileReference; fileEncoding = 4; lastKnownFileType = sourcecode.c.objc; path = MapPin.m; sourceTree = "<group>"; };
		5586F1F7164B8A2200B7325C /* LocationManager.h */ = {isa = PBXFileReference; fileEncoding = 4; lastKnownFileType = sourcecode.c.h; path = LocationManager.h; sourceTree = "<group>"; };
		5586F1F8164B8A2200B7325C /* LocationManager.m */ = {isa = PBXFileReference; fileEncoding = 4; lastKnownFileType = sourcecode.c.objc; path = LocationManager.m; sourceTree = "<group>"; };
		558887C01668814B00D6FCB6 /* DescriptionTemplate.tp */ = {isa = PBXFileReference; fileEncoding = 4; lastKnownFileType = text; path = DescriptionTemplate.tp; sourceTree = "<group>"; };
		558887C21668832E00D6FCB6 /* NHMapIcon.png */ = {isa = PBXFileReference; lastKnownFileType = image.png; path = NHMapIcon.png; sourceTree = "<group>"; };
		558887C31668832E00D6FCB6 /* NHMapIcon@2x.png */ = {isa = PBXFileReference; lastKnownFileType = image.png; path = "NHMapIcon@2x.png"; sourceTree = "<group>"; };
		5590AE3315FB0CF800BE3754 /* LoginViewController.h */ = {isa = PBXFileReference; fileEncoding = 4; lastKnownFileType = sourcecode.c.h; path = LoginViewController.h; sourceTree = "<group>"; };
		5590AE3415FB0CF800BE3754 /* LoginViewController.m */ = {isa = PBXFileReference; fileEncoding = 4; lastKnownFileType = sourcecode.c.objc; path = LoginViewController.m; sourceTree = "<group>"; };
		5597C4CF164F6CD700449789 /* QuartzCore.framework */ = {isa = PBXFileReference; lastKnownFileType = wrapper.framework; name = QuartzCore.framework; path = System/Library/Frameworks/QuartzCore.framework; sourceTree = SDKROOT; };
		55AA51191637615800C967E7 /* FacebookSDK.framework */ = {isa = PBXFileReference; lastKnownFileType = wrapper.framework; name = FacebookSDK.framework; path = ../../../../Documents/FacebookSDK/FacebookSDK.framework; sourceTree = "<group>"; };
		55AA511B163761C700C967E7 /* FacebookSDKResources.bundle */ = {isa = PBXFileReference; lastKnownFileType = "wrapper.plug-in"; name = FacebookSDKResources.bundle; path = ../../../../Documents/FacebookSDK/FacebookSDK.framework/Versions/A/Resources/FacebookSDKResources.bundle; sourceTree = "<group>"; };
		55AA511D163761FF00C967E7 /* Accounts.framework */ = {isa = PBXFileReference; lastKnownFileType = wrapper.framework; name = Accounts.framework; path = System/Library/Frameworks/Accounts.framework; sourceTree = SDKROOT; };
		55AA511E163761FF00C967E7 /* AdSupport.framework */ = {isa = PBXFileReference; lastKnownFileType = wrapper.framework; name = AdSupport.framework; path = System/Library/Frameworks/AdSupport.framework; sourceTree = SDKROOT; };
		55AA51211637621800C967E7 /* Social.framework */ = {isa = PBXFileReference; lastKnownFileType = wrapper.framework; name = Social.framework; path = System/Library/Frameworks/Social.framework; sourceTree = SDKROOT; };
		55AA51231637632300C967E7 /* Default-568h@2x.png */ = {isa = PBXFileReference; lastKnownFileType = image.png; name = "Default-568h@2x.png"; path = "../../Default-568h@2x.png"; sourceTree = "<group>"; };
		55BE39DA1652117100806EBD /* PagedEvents.h */ = {isa = PBXFileReference; fileEncoding = 4; lastKnownFileType = sourcecode.c.h; path = PagedEvents.h; sourceTree = "<group>"; };
		55BE39DB1652117100806EBD /* PagedEvents.m */ = {isa = PBXFileReference; fileEncoding = 4; lastKnownFileType = sourcecode.c.objc; path = PagedEvents.m; sourceTree = "<group>"; };
		55CDE4FC169A6A8F009BD8B9 /* FacebookConnectButton.png */ = {isa = PBXFileReference; lastKnownFileType = image.png; path = FacebookConnectButton.png; sourceTree = "<group>"; };
		55CDE4FD169A6A8F009BD8B9 /* FacebookConnectButton@2x.png */ = {isa = PBXFileReference; lastKnownFileType = image.png; path = "FacebookConnectButton@2x.png"; sourceTree = "<group>"; };
		55CDE528169A7565009BD8B9 /* LogoutIcon.png */ = {isa = PBXFileReference; lastKnownFileType = image.png; path = LogoutIcon.png; sourceTree = "<group>"; };
		55CDE529169A7565009BD8B9 /* LogoutIcon@2x.png */ = {isa = PBXFileReference; lastKnownFileType = image.png; path = "LogoutIcon@2x.png"; sourceTree = "<group>"; };
		55CDE535169A77BB009BD8B9 /* CitySelector.png */ = {isa = PBXFileReference; lastKnownFileType = image.png; path = CitySelector.png; sourceTree = "<group>"; };
		55CDE536169A77BB009BD8B9 /* CitySelector@2x.png */ = {isa = PBXFileReference; lastKnownFileType = image.png; path = "CitySelector@2x.png"; sourceTree = "<group>"; };
		55CEAD2E168E9233008BF540 /* NSString+URLEncoding.h */ = {isa = PBXFileReference; fileEncoding = 4; lastKnownFileType = sourcecode.c.h; path = "NSString+URLEncoding.h"; sourceTree = "<group>"; };
		55CEAD2F168E9233008BF540 /* NSString+URLEncoding.m */ = {isa = PBXFileReference; fileEncoding = 4; lastKnownFileType = sourcecode.c.objc; path = "NSString+URLEncoding.m"; sourceTree = "<group>"; };
		55F5295116490755005EC26F /* CoreLocation.framework */ = {isa = PBXFileReference; lastKnownFileType = wrapper.framework; name = CoreLocation.framework; path = System/Library/Frameworks/CoreLocation.framework; sourceTree = SDKROOT; };
		55F8E488163B68F700F8DEC0 /* EventDetailsViewController.h */ = {isa = PBXFileReference; fileEncoding = 4; lastKnownFileType = sourcecode.c.h; path = EventDetailsViewController.h; sourceTree = "<group>"; };
		55F8E489163B68F700F8DEC0 /* EventDetailsViewController.m */ = {isa = PBXFileReference; fileEncoding = 4; lastKnownFileType = sourcecode.c.objc; path = EventDetailsViewController.m; sourceTree = "<group>"; };
		55F8E490163B81CB00F8DEC0 /* RowCellBG.png */ = {isa = PBXFileReference; lastKnownFileType = image.png; path = RowCellBG.png; sourceTree = "<group>"; };
		55F8E491163B81CB00F8DEC0 /* RowCellBG@2x.png */ = {isa = PBXFileReference; lastKnownFileType = image.png; path = "RowCellBG@2x.png"; sourceTree = "<group>"; };
		55F8E492163B81CB00F8DEC0 /* RowCellSelectedBG.png */ = {isa = PBXFileReference; lastKnownFileType = image.png; path = RowCellSelectedBG.png; sourceTree = "<group>"; };
		55F8E493163B81CB00F8DEC0 /* RowCellSelectedBG@2x.png */ = {isa = PBXFileReference; lastKnownFileType = image.png; path = "RowCellSelectedBG@2x.png"; sourceTree = "<group>"; };
		55F8E499163B89F300F8DEC0 /* NavigationBarLogo.png */ = {isa = PBXFileReference; lastKnownFileType = image.png; path = NavigationBarLogo.png; sourceTree = "<group>"; };
		55F8E49A163B89F300F8DEC0 /* NavigationBarLogo@2x.png */ = {isa = PBXFileReference; lastKnownFileType = image.png; path = "NavigationBarLogo@2x.png"; sourceTree = "<group>"; };
		55F8E49D163B902300F8DEC0 /* NoiteHojeViewController.h */ = {isa = PBXFileReference; fileEncoding = 4; lastKnownFileType = sourcecode.c.h; path = NoiteHojeViewController.h; sourceTree = "<group>"; };
		55F8E49E163B902300F8DEC0 /* NoiteHojeViewController.m */ = {isa = PBXFileReference; fileEncoding = 4; lastKnownFileType = sourcecode.c.objc; path = NoiteHojeViewController.m; sourceTree = "<group>"; };
		55F8E4A3163B95EE00F8DEC0 /* UIColor+Extensions.h */ = {isa = PBXFileReference; fileEncoding = 4; lastKnownFileType = sourcecode.c.h; path = "UIColor+Extensions.h"; sourceTree = "<group>"; };
		55F8E4A4163B95EE00F8DEC0 /* UIColor+Extensions.m */ = {isa = PBXFileReference; fileEncoding = 4; lastKnownFileType = sourcecode.c.objc; path = "UIColor+Extensions.m"; sourceTree = "<group>"; };
		8F15B9029F274E12B89ED8B0 /* libPods.a */ = {isa = PBXFileReference; explicitFileType = archive.ar; includeInIndex = 0; path = libPods.a; sourceTree = BUILT_PRODUCTS_DIR; };
/* End PBXFileReference section */

/* Begin PBXFrameworksBuildPhase section */
		555A380915D83D2E005D273C /* Frameworks */ = {
			isa = PBXFrameworksBuildPhase;
			buildActionMask = 2147483647;
			files = (
				5597C4D0164F6CD700449789 /* QuartzCore.framework in Frameworks */,
				55F5295216490755005EC26F /* CoreLocation.framework in Frameworks */,
				558390B2163CB54C002340CB /* MapKit.framework in Frameworks */,
				55AA51221637621800C967E7 /* Social.framework in Frameworks */,
				55AA511F163761FF00C967E7 /* Accounts.framework in Frameworks */,
				55AA5120163761FF00C967E7 /* AdSupport.framework in Frameworks */,
				555A381115D83D2E005D273C /* UIKit.framework in Frameworks */,
				555A381315D83D2E005D273C /* Foundation.framework in Frameworks */,
				555A381515D83D2E005D273C /* CoreGraphics.framework in Frameworks */,
				5DCFCCC2CB8C49329BE24B03 /* libPods.a in Frameworks */,
			);
			runOnlyForDeploymentPostprocessing = 0;
		};
		555A382F15D83D2F005D273C /* Frameworks */ = {
			isa = PBXFrameworksBuildPhase;
			buildActionMask = 2147483647;
			files = (
				555A383515D83D2F005D273C /* SenTestingKit.framework in Frameworks */,
				555A383615D83D2F005D273C /* UIKit.framework in Frameworks */,
				555A383715D83D2F005D273C /* Foundation.framework in Frameworks */,
			);
			runOnlyForDeploymentPostprocessing = 0;
		};
/* End PBXFrameworksBuildPhase section */

/* Begin PBXGroup section */
		550764A916ADE77300AF5F0A /* AppIcon */ = {
			isa = PBXGroup;
			children = (
				550764B116ADE78000AF5F0A /* Icon.png */,
				550764B216ADE78000AF5F0A /* Icon@2x.png */,
				550764AB16ADE78000AF5F0A /* Icon-72.png */,
				550764AC16ADE78000AF5F0A /* Icon-72@2x.png */,
				550764AD16ADE78000AF5F0A /* Icon-Small-50.png */,
				550764AE16ADE78000AF5F0A /* Icon-Small-50@2x.png */,
				550764AF16ADE78000AF5F0A /* Icon-Small.png */,
				550764B016ADE78000AF5F0A /* Icon-Small@2x.png */,
				550764B316ADE78000AF5F0A /* Icon1024flat.png */,
				550764B416ADE78000AF5F0A /* iTunesArtwork.png */,
				550764B516ADE78000AF5F0A /* iTunesArtwork@2x.png */,
			);
			name = AppIcon;
			sourceTree = "<group>";
		};
		550764C916ADF65500AF5F0A /* Placeholders */ = {
			isa = PBXGroup;
			children = (
				550764CA16ADF66600AF5F0A /* RowImagePlaceHolder.png */,
				550764CB16ADF66600AF5F0A /* RowImagePlaceHolder@2x.png */,
				550764C516ADEE8C00AF5F0A /* ImagePlaceHolder.png */,
				550764C616ADEE8C00AF5F0A /* ImagePlaceHolder@2x.png */,
			);
			name = Placeholders;
			sourceTree = "<group>";
		};
		555A380115D83D2E005D273C = {
			isa = PBXGroup;
			children = (
				555A384F15D83DE0005D273C /* Images */,
				555A381615D83D2E005D273C /* NoiteHoje */,
				555A383A15D83D2F005D273C /* NoiteHojeTests */,
				555A380F15D83D2E005D273C /* Frameworks */,
				555A380D15D83D2E005D273C /* Products */,
				4C85D1FA12774D3285A8BB66 /* Pods.xcconfig */,
			);
			sourceTree = "<group>";
		};
		555A380D15D83D2E005D273C /* Products */ = {
			isa = PBXGroup;
			children = (
				555A380C15D83D2E005D273C /* NoiteHoje.app */,
				555A383315D83D2F005D273C /* NoiteHojeTests.octest */,
			);
			name = Products;
			sourceTree = "<group>";
		};
		555A380F15D83D2E005D273C /* Frameworks */ = {
			isa = PBXGroup;
			children = (
				5597C4CF164F6CD700449789 /* QuartzCore.framework */,
				55F5295116490755005EC26F /* CoreLocation.framework */,
				558390B1163CB54C002340CB /* MapKit.framework */,
				55AA511B163761C700C967E7 /* FacebookSDKResources.bundle */,
				55AA51191637615800C967E7 /* FacebookSDK.framework */,
				55AA51211637621800C967E7 /* Social.framework */,
				55AA511D163761FF00C967E7 /* Accounts.framework */,
				55AA511E163761FF00C967E7 /* AdSupport.framework */,
				555A381015D83D2E005D273C /* UIKit.framework */,
				555A381215D83D2E005D273C /* Foundation.framework */,
				555A381415D83D2E005D273C /* CoreGraphics.framework */,
				555A383415D83D2F005D273C /* SenTestingKit.framework */,
				8F15B9029F274E12B89ED8B0 /* libPods.a */,
			);
			name = Frameworks;
			sourceTree = "<group>";
		};
		555A381615D83D2E005D273C /* NoiteHoje */ = {
			isa = PBXGroup;
			children = (
				5586F1F2164B89E300B7325C /* External */,
				558390B8163CB6B6002340CB /* Categories */,
				558390B7163CB697002340CB /* Models */,
				558390B6163CB681002340CB /* ViewControllers */,
				555C11AD16581B1F007196F0 /* TableCells */,
				555A381F15D83D2E005D273C /* AppDelegate.h */,
				555A382015D83D2E005D273C /* AppDelegate.m */,
				555A382215D83D2E005D273C /* MainStoryboard_iPhone.storyboard */,
				555A381715D83D2E005D273C /* Supporting Files */,
			);
			path = NoiteHoje;
			sourceTree = "<group>";
		};
		555A381715D83D2E005D273C /* Supporting Files */ = {
			isa = PBXGroup;
			children = (
				558887C01668814B00D6FCB6 /* DescriptionTemplate.tp */,
				555A381815D83D2E005D273C /* NoiteHoje-Info.plist */,
				555A381915D83D2E005D273C /* InfoPlist.strings */,
				555A381C15D83D2E005D273C /* main.m */,
				555A381E15D83D2E005D273C /* NoiteHoje-Prefix.pch */,
			);
			name = "Supporting Files";
			sourceTree = "<group>";
		};
		555A383A15D83D2F005D273C /* NoiteHojeTests */ = {
			isa = PBXGroup;
			children = (
				555A384015D83D2F005D273C /* NoiteHojeTests.h */,
				555A384115D83D2F005D273C /* NoiteHojeTests.m */,
				555A383B15D83D2F005D273C /* Supporting Files */,
			);
			path = NoiteHojeTests;
			sourceTree = "<group>";
		};
		555A383B15D83D2F005D273C /* Supporting Files */ = {
			isa = PBXGroup;
			children = (
				555A383C15D83D2F005D273C /* NoiteHojeTests-Info.plist */,
				555A383D15D83D2F005D273C /* InfoPlist.strings */,
			);
			name = "Supporting Files";
			sourceTree = "<group>";
		};
		555A384F15D83DE0005D273C /* Images */ = {
			isa = PBXGroup;
			children = (
				550764C916ADF65500AF5F0A /* Placeholders */,
				550764A916ADE77300AF5F0A /* AppIcon */,
				55CDE535169A77BB009BD8B9 /* CitySelector.png */,
				55CDE536169A77BB009BD8B9 /* CitySelector@2x.png */,
				55CDE528169A7565009BD8B9 /* LogoutIcon.png */,
				55CDE529169A7565009BD8B9 /* LogoutIcon@2x.png */,
				55CDE4FC169A6A8F009BD8B9 /* FacebookConnectButton.png */,
				55CDE4FD169A6A8F009BD8B9 /* FacebookConnectButton@2x.png */,
				558887C21668832E00D6FCB6 /* NHMapIcon.png */,
				558887C31668832E00D6FCB6 /* NHMapIcon@2x.png */,
				555C11A516576440007196F0 /* ButtonMenu.png */,
				555C11A616576440007196F0 /* ButtonMenu@2x.png */,
				558390A9163C928F002340CB /* EventDetailsRow.png */,
				558390AA163C928F002340CB /* EventDetailsRow@2x.png */,
				55F8E499163B89F300F8DEC0 /* NavigationBarLogo.png */,
				55F8E49A163B89F300F8DEC0 /* NavigationBarLogo@2x.png */,
				55F8E490163B81CB00F8DEC0 /* RowCellBG.png */,
				55F8E491163B81CB00F8DEC0 /* RowCellBG@2x.png */,
				55F8E492163B81CB00F8DEC0 /* RowCellSelectedBG.png */,
				55F8E493163B81CB00F8DEC0 /* RowCellSelectedBG@2x.png */,
				55AA51231637632300C967E7 /* Default-568h@2x.png */,
				555A385015D83DE0005D273C /* Default.png */,
				555A385115D83DE0005D273C /* Default@2x.png */,
				555A385215D83DE0005D273C /* MainBG.png */,
				555A385315D83DE0005D273C /* MainBG@2x.png */,
			);
			name = Images;
			path = NoiteHoje/Images;
			sourceTree = "<group>";
		};
		555C11AD16581B1F007196F0 /* TableCells */ = {
			isa = PBXGroup;
			children = (
				552DA30E15F17B2000951CB8 /* EventCell.h */,
				552DA30F15F17B2000951CB8 /* EventCell.m */,
				555C11AE16581B4B007196F0 /* SidebarCell.h */,
				555C11AF16581B4B007196F0 /* SidebarCell.m */,
			);
			name = TableCells;
			sourceTree = "<group>";
		};
		558390B6163CB681002340CB /* ViewControllers */ = {
			isa = PBXGroup;
			children = (
				5529182F15D8AA1500765DEE /* EventsViewController.h */,
				5529183015D8AA1500765DEE /* EventsViewController.m */,
				55F8E488163B68F700F8DEC0 /* EventDetailsViewController.h */,
				55F8E489163B68F700F8DEC0 /* EventDetailsViewController.m */,
				558390B3163CB660002340CB /* EventMapViewController.h */,
				558390B4163CB661002340CB /* EventMapViewController.m */,
				55F8E49D163B902300F8DEC0 /* NoiteHojeViewController.h */,
				55F8E49E163B902300F8DEC0 /* NoiteHojeViewController.m */,
				5590AE3315FB0CF800BE3754 /* LoginViewController.h */,
				5590AE3415FB0CF800BE3754 /* LoginViewController.m */,
				558390A6163C8754002340CB /* StartViewController.h */,
				558390A7163C8755002340CB /* StartViewController.m */,
				555C11A216576084007196F0 /* SidebarViewController.h */,
				555C11A316576084007196F0 /* SidebarViewController.m */,
			);
			name = ViewControllers;
			sourceTree = "<group>";
		};
		558390B7163CB697002340CB /* Models */ = {
			isa = PBXGroup;
			children = (
				552B976915D8CE8900A4DC45 /* APIWrapper.h */,
				552B976A15D8CE8900A4DC45 /* APIWrapper.m */,
				5529183215D8AB4600765DEE /* Event.h */,
				5529183315D8AB4600765DEE /* Event.m */,
				5529183515D8ACE000765DEE /* Venue.h */,
				5529183615D8ACE000765DEE /* Venue.m */,
				558390B9163CBA56002340CB /* MapPin.h */,
				558390BA163CBA56002340CB /* MapPin.m */,
				55BE39DA1652117100806EBD /* PagedEvents.h */,
				55BE39DB1652117100806EBD /* PagedEvents.m */,
			);
			name = Models;
			sourceTree = "<group>";
		};
		558390B8163CB6B6002340CB /* Categories */ = {
			isa = PBXGroup;
			children = (
				55F8E4A3163B95EE00F8DEC0 /* UIColor+Extensions.h */,
				55F8E4A4163B95EE00F8DEC0 /* UIColor+Extensions.m */,
				55CEAD2E168E9233008BF540 /* NSString+URLEncoding.h */,
				55CEAD2F168E9233008BF540 /* NSString+URLEncoding.m */,
			);
			name = Categories;
			sourceTree = "<group>";
		};
		5586F1F2164B89E300B7325C /* External */ = {
			isa = PBXGroup;
			children = (
				5586F1F7164B8A2200B7325C /* LocationManager.h */,
				5586F1F8164B8A2200B7325C /* LocationManager.m */,
			);
			name = External;
			sourceTree = "<group>";
		};
/* End PBXGroup section */

/* Begin PBXNativeTarget section */
		555A380B15D83D2E005D273C /* NoiteHoje */ = {
			isa = PBXNativeTarget;
			buildConfigurationList = 555A384515D83D2F005D273C /* Build configuration list for PBXNativeTarget "NoiteHoje" */;
			buildPhases = (
				555A380815D83D2E005D273C /* Sources */,
				555A380915D83D2E005D273C /* Frameworks */,
				555A380A15D83D2E005D273C /* Resources */,
				A9C71EC1F9014D66BE05EB01 /* Copy Pods Resources */,
			);
			buildRules = (
			);
			dependencies = (
			);
			name = NoiteHoje;
			productName = NoiteHoje;
			productReference = 555A380C15D83D2E005D273C /* NoiteHoje.app */;
			productType = "com.apple.product-type.application";
		};
		555A383215D83D2F005D273C /* NoiteHojeTests */ = {
			isa = PBXNativeTarget;
			buildConfigurationList = 555A384815D83D2F005D273C /* Build configuration list for PBXNativeTarget "NoiteHojeTests" */;
			buildPhases = (
				555A382E15D83D2F005D273C /* Sources */,
				555A382F15D83D2F005D273C /* Frameworks */,
				555A383015D83D2F005D273C /* Resources */,
				555A383115D83D2F005D273C /* ShellScript */,
			);
			buildRules = (
			);
			dependencies = (
				555A383915D83D2F005D273C /* PBXTargetDependency */,
			);
			name = NoiteHojeTests;
			productName = NoiteHojeTests;
			productReference = 555A383315D83D2F005D273C /* NoiteHojeTests.octest */;
			productType = "com.apple.product-type.bundle";
		};
/* End PBXNativeTarget section */

/* Begin PBXProject section */
		555A380315D83D2E005D273C /* Project object */ = {
			isa = PBXProject;
			attributes = {
				CLASSPREFIX = br.com.noitehoje;
				LastUpgradeCheck = 0440;
				ORGANIZATIONNAME = "Noite Hoje";
			};
			buildConfigurationList = 555A380615D83D2E005D273C /* Build configuration list for PBXProject "NoiteHoje-v2" */;
			compatibilityVersion = "Xcode 3.2";
			developmentRegion = English;
			hasScannedForEncodings = 0;
			knownRegions = (
				en,
			);
			mainGroup = 555A380115D83D2E005D273C;
			productRefGroup = 555A380D15D83D2E005D273C /* Products */;
			projectDirPath = "";
			projectRoot = "";
			targets = (
				555A380B15D83D2E005D273C /* NoiteHoje */,
				555A383215D83D2F005D273C /* NoiteHojeTests */,
			);
		};
/* End PBXProject section */

/* Begin PBXResourcesBuildPhase section */
		555A380A15D83D2E005D273C /* Resources */ = {
			isa = PBXResourcesBuildPhase;
			buildActionMask = 2147483647;
			files = (
				555A381B15D83D2E005D273C /* InfoPlist.strings in Resources */,
				555A382415D83D2E005D273C /* MainStoryboard_iPhone.storyboard in Resources */,
				555A385615D83DE0005D273C /* Default.png in Resources */,
				555A385715D83DE0005D273C /* Default@2x.png in Resources */,
				555A385815D83DE0005D273C /* MainBG.png in Resources */,
				555A385915D83DE0005D273C /* MainBG@2x.png in Resources */,
				55AA51241637632300C967E7 /* Default-568h@2x.png in Resources */,
				55F8E495163B81CB00F8DEC0 /* RowCellBG.png in Resources */,
				55F8E496163B81CB00F8DEC0 /* RowCellBG@2x.png in Resources */,
				55F8E497163B81CB00F8DEC0 /* RowCellSelectedBG.png in Resources */,
				55F8E498163B81CB00F8DEC0 /* RowCellSelectedBG@2x.png in Resources */,
				55F8E49B163B89F300F8DEC0 /* NavigationBarLogo.png in Resources */,
				55F8E49C163B89F300F8DEC0 /* NavigationBarLogo@2x.png in Resources */,
				558390AB163C928F002340CB /* EventDetailsRow.png in Resources */,
				558390AC163C928F002340CB /* EventDetailsRow@2x.png in Resources */,
				555C11A716576440007196F0 /* ButtonMenu.png in Resources */,
				555C11A816576440007196F0 /* ButtonMenu@2x.png in Resources */,
				558887C11668814B00D6FCB6 /* DescriptionTemplate.tp in Resources */,
				558887C41668832E00D6FCB6 /* NHMapIcon.png in Resources */,
				558887C51668832E00D6FCB6 /* NHMapIcon@2x.png in Resources */,
				55CDE4FE169A6A8F009BD8B9 /* FacebookConnectButton.png in Resources */,
				55CDE4FF169A6A8F009BD8B9 /* FacebookConnectButton@2x.png in Resources */,
				55CDE52A169A7565009BD8B9 /* LogoutIcon.png in Resources */,
				55CDE52B169A7565009BD8B9 /* LogoutIcon@2x.png in Resources */,
				55CDE537169A77BB009BD8B9 /* CitySelector.png in Resources */,
				55CDE538169A77BB009BD8B9 /* CitySelector@2x.png in Resources */,
				550764B616ADE78000AF5F0A /* Icon-72.png in Resources */,
				550764B716ADE78000AF5F0A /* Icon-72@2x.png in Resources */,
				550764B816ADE78000AF5F0A /* Icon-Small-50.png in Resources */,
				550764B916ADE78000AF5F0A /* Icon-Small-50@2x.png in Resources */,
				550764BA16ADE78000AF5F0A /* Icon-Small.png in Resources */,
				550764BB16ADE78000AF5F0A /* Icon-Small@2x.png in Resources */,
				550764BC16ADE78000AF5F0A /* Icon.png in Resources */,
				550764BD16ADE78000AF5F0A /* Icon@2x.png in Resources */,
				550764BE16ADE78000AF5F0A /* Icon1024flat.png in Resources */,
				550764BF16ADE78000AF5F0A /* iTunesArtwork.png in Resources */,
				550764C016ADE78000AF5F0A /* iTunesArtwork@2x.png in Resources */,
				550764C716ADEE8C00AF5F0A /* ImagePlaceHolder.png in Resources */,
				550764C816ADEE8C00AF5F0A /* ImagePlaceHolder@2x.png in Resources */,
				550764CC16ADF66600AF5F0A /* RowImagePlaceHolder.png in Resources */,
				550764CD16ADF66600AF5F0A /* RowImagePlaceHolder@2x.png in Resources */,
			);
			runOnlyForDeploymentPostprocessing = 0;
		};
		555A383015D83D2F005D273C /* Resources */ = {
			isa = PBXResourcesBuildPhase;
			buildActionMask = 2147483647;
			files = (
				555A383F15D83D2F005D273C /* InfoPlist.strings in Resources */,
			);
			runOnlyForDeploymentPostprocessing = 0;
		};
/* End PBXResourcesBuildPhase section */

/* Begin PBXShellScriptBuildPhase section */
		555A383115D83D2F005D273C /* ShellScript */ = {
			isa = PBXShellScriptBuildPhase;
			buildActionMask = 2147483647;
			files = (
			);
			inputPaths = (
			);
			outputPaths = (
			);
			runOnlyForDeploymentPostprocessing = 0;
			shellPath = /bin/sh;
			shellScript = "# Run the unit tests in this test bundle.\n\"${SYSTEM_DEVELOPER_DIR}/Tools/RunUnitTests\"\n";
		};
		A9C71EC1F9014D66BE05EB01 /* Copy Pods Resources */ = {
			isa = PBXShellScriptBuildPhase;
			buildActionMask = 2147483647;
			files = (
			);
			inputPaths = (
			);
			name = "Copy Pods Resources";
			outputPaths = (
			);
			runOnlyForDeploymentPostprocessing = 0;
			shellPath = /bin/sh;
			shellScript = "\"${SRCROOT}/Pods/Pods-resources.sh\"\n";
		};
/* End PBXShellScriptBuildPhase section */

/* Begin PBXSourcesBuildPhase section */
		555A380815D83D2E005D273C /* Sources */ = {
			isa = PBXSourcesBuildPhase;
			buildActionMask = 2147483647;
			files = (
				555A381D15D83D2E005D273C /* main.m in Sources */,
				555A382115D83D2E005D273C /* AppDelegate.m in Sources */,
				5529183115D8AA1500765DEE /* EventsViewController.m in Sources */,
				5529183415D8AB4600765DEE /* Event.m in Sources */,
				5529183715D8ACE000765DEE /* Venue.m in Sources */,
				552B976B15D8CE8900A4DC45 /* APIWrapper.m in Sources */,
				552DA31015F17B2000951CB8 /* EventCell.m in Sources */,
				5590AE3515FB0CF800BE3754 /* LoginViewController.m in Sources */,
				55F8E48A163B68F700F8DEC0 /* EventDetailsViewController.m in Sources */,
				55F8E49F163B902300F8DEC0 /* NoiteHojeViewController.m in Sources */,
				55F8E4A5163B95EE00F8DEC0 /* UIColor+Extensions.m in Sources */,
				558390A8163C8755002340CB /* StartViewController.m in Sources */,
				558390B5163CB661002340CB /* EventMapViewController.m in Sources */,
				558390BB163CBA56002340CB /* MapPin.m in Sources */,
				5586F1F9164B8A2200B7325C /* LocationManager.m in Sources */,
				55BE39DC1652117100806EBD /* PagedEvents.m in Sources */,
				555C11A416576084007196F0 /* SidebarViewController.m in Sources */,
				555C11B016581B4B007196F0 /* SidebarCell.m in Sources */,
				55CEAD30168E9233008BF540 /* NSString+URLEncoding.m in Sources */,
			);
			runOnlyForDeploymentPostprocessing = 0;
		};
		555A382E15D83D2F005D273C /* Sources */ = {
			isa = PBXSourcesBuildPhase;
			buildActionMask = 2147483647;
			files = (
				555A384215D83D2F005D273C /* NoiteHojeTests.m in Sources */,
			);
			runOnlyForDeploymentPostprocessing = 0;
		};
/* End PBXSourcesBuildPhase section */

/* Begin PBXTargetDependency section */
		555A383915D83D2F005D273C /* PBXTargetDependency */ = {
			isa = PBXTargetDependency;
			target = 555A380B15D83D2E005D273C /* NoiteHoje */;
			targetProxy = 555A383815D83D2F005D273C /* PBXContainerItemProxy */;
		};
/* End PBXTargetDependency section */

/* Begin PBXVariantGroup section */
		555A381915D83D2E005D273C /* InfoPlist.strings */ = {
			isa = PBXVariantGroup;
			children = (
				555A381A15D83D2E005D273C /* en */,
			);
			name = InfoPlist.strings;
			sourceTree = "<group>";
		};
		555A382215D83D2E005D273C /* MainStoryboard_iPhone.storyboard */ = {
			isa = PBXVariantGroup;
			children = (
				555A382315D83D2E005D273C /* en */,
			);
			name = MainStoryboard_iPhone.storyboard;
			sourceTree = "<group>";
		};
		555A383D15D83D2F005D273C /* InfoPlist.strings */ = {
			isa = PBXVariantGroup;
			children = (
				555A383E15D83D2F005D273C /* en */,
			);
			name = InfoPlist.strings;
			sourceTree = "<group>";
		};
/* End PBXVariantGroup section */

/* Begin XCBuildConfiguration section */
		555A384315D83D2F005D273C /* Debug */ = {
			isa = XCBuildConfiguration;
			buildSettings = {
				ALWAYS_SEARCH_USER_PATHS = NO;
				ARCHS = "$(ARCHS_STANDARD_32_BIT)";
				CLANG_CXX_LANGUAGE_STANDARD = "gnu++0x";
				CLANG_ENABLE_OBJC_ARC = YES;
				CLANG_WARN__DUPLICATE_METHOD_MATCH = YES;
				"CODE_SIGN_IDENTITY[sdk=iphoneos*]" = "iPhone Developer";
				COPY_PHASE_STRIP = NO;
				GCC_C_LANGUAGE_STANDARD = gnu99;
				GCC_DYNAMIC_NO_PIC = NO;
				GCC_OPTIMIZATION_LEVEL = 0;
				GCC_PREPROCESSOR_DEFINITIONS = (
					"DEBUG=1",
					"$(inherited)",
				);
				GCC_SYMBOLS_PRIVATE_EXTERN = NO;
				GCC_VERSION = com.apple.compilers.llvm.clang.1_0;
				GCC_WARN_ABOUT_RETURN_TYPE = YES;
				GCC_WARN_UNINITIALIZED_AUTOS = YES;
				GCC_WARN_UNUSED_VARIABLE = YES;
				IPHONEOS_DEPLOYMENT_TARGET = 5.1;
				SDKROOT = iphoneos;
				TARGETED_DEVICE_FAMILY = "1,2";
			};
			name = Debug;
		};
		555A384415D83D2F005D273C /* Release */ = {
			isa = XCBuildConfiguration;
			buildSettings = {
				ALWAYS_SEARCH_USER_PATHS = NO;
				ARCHS = "$(ARCHS_STANDARD_32_BIT)";
				CLANG_CXX_LANGUAGE_STANDARD = "gnu++0x";
				CLANG_ENABLE_OBJC_ARC = YES;
				CLANG_WARN__DUPLICATE_METHOD_MATCH = YES;
				"CODE_SIGN_IDENTITY[sdk=iphoneos*]" = "iPhone Developer";
				COPY_PHASE_STRIP = YES;
				GCC_C_LANGUAGE_STANDARD = gnu99;
				GCC_VERSION = com.apple.compilers.llvm.clang.1_0;
				GCC_WARN_ABOUT_RETURN_TYPE = YES;
				GCC_WARN_UNINITIALIZED_AUTOS = YES;
				GCC_WARN_UNUSED_VARIABLE = YES;
				IPHONEOS_DEPLOYMENT_TARGET = 5.1;
				OTHER_CFLAGS = "-DNS_BLOCK_ASSERTIONS=1";
				SDKROOT = iphoneos;
				TARGETED_DEVICE_FAMILY = "1,2";
				VALIDATE_PRODUCT = YES;
			};
			name = Release;
		};
		555A384615D83D2F005D273C /* Debug */ = {
			isa = XCBuildConfiguration;
			baseConfigurationReference = 4C85D1FA12774D3285A8BB66 /* Pods.xcconfig */;
			buildSettings = {
				FRAMEWORK_SEARCH_PATHS = (
					"$(inherited)",
					"\"$(SRCROOT)\"",
				);
				GCC_PRECOMPILE_PREFIX_HEADER = YES;
				GCC_PREFIX_HEADER = "NoiteHoje/NoiteHoje-Prefix.pch";
				INFOPLIST_FILE = "NoiteHoje/NoiteHoje-Info.plist";
				IPHONEOS_DEPLOYMENT_TARGET = 6.0;
				OTHER_LDFLAGS = (
					"-lsqlite3.0",
					"$(inherited)",
				);
				PRODUCT_NAME = "$(TARGET_NAME)";
				TARGETED_DEVICE_FAMILY = 1;
				WRAPPER_EXTENSION = app;
			};
			name = Debug;
		};
		555A384715D83D2F005D273C /* Release */ = {
			isa = XCBuildConfiguration;
			baseConfigurationReference = 4C85D1FA12774D3285A8BB66 /* Pods.xcconfig */;
			buildSettings = {
				FRAMEWORK_SEARCH_PATHS = (
					"$(inherited)",
					"\"$(SRCROOT)\"",
				);
				GCC_PRECOMPILE_PREFIX_HEADER = YES;
				GCC_PREFIX_HEADER = "NoiteHoje/NoiteHoje-Prefix.pch";
				INFOPLIST_FILE = "NoiteHoje/NoiteHoje-Info.plist";
				IPHONEOS_DEPLOYMENT_TARGET = 6.0;
				OTHER_LDFLAGS = (
					"-lsqlite3.0",
					"$(inherited)",
				);
				PRODUCT_NAME = "$(TARGET_NAME)";
				TARGETED_DEVICE_FAMILY = 1;
				WRAPPER_EXTENSION = app;
			};
			name = Release;
		};
		555A384915D83D2F005D273C /* Debug */ = {
			isa = XCBuildConfiguration;
			buildSettings = {
				BUNDLE_LOADER = "$(BUILT_PRODUCTS_DIR)/NoiteHoje.app/NoiteHoje";
				FRAMEWORK_SEARCH_PATHS = (
					"\"$(SDKROOT)/Developer/Library/Frameworks\"",
					"\"$(DEVELOPER_LIBRARY_DIR)/Frameworks\"",
				);
				GCC_PRECOMPILE_PREFIX_HEADER = YES;
				GCC_PREFIX_HEADER = "NoiteHoje/NoiteHoje-Prefix.pch";
				INFOPLIST_FILE = "NoiteHojeTests/NoiteHojeTests-Info.plist";
				PRODUCT_NAME = "$(TARGET_NAME)";
				TEST_HOST = "$(BUNDLE_LOADER)";
				WRAPPER_EXTENSION = octest;
			};
			name = Debug;
		};
		555A384A15D83D2F005D273C /* Release */ = {
			isa = XCBuildConfiguration;
			buildSettings = {
				BUNDLE_LOADER = "$(BUILT_PRODUCTS_DIR)/NoiteHoje.app/NoiteHoje";
				FRAMEWORK_SEARCH_PATHS = (
					"\"$(SDKROOT)/Developer/Library/Frameworks\"",
					"\"$(DEVELOPER_LIBRARY_DIR)/Frameworks\"",
				);
				GCC_PRECOMPILE_PREFIX_HEADER = YES;
				GCC_PREFIX_HEADER = "NoiteHoje/NoiteHoje-Prefix.pch";
				INFOPLIST_FILE = "NoiteHojeTests/NoiteHojeTests-Info.plist";
				PRODUCT_NAME = "$(TARGET_NAME)";
				TEST_HOST = "$(BUNDLE_LOADER)";
				WRAPPER_EXTENSION = octest;
			};
			name = Release;
		};
/* End XCBuildConfiguration section */

/* Begin XCConfigurationList section */
		555A380615D83D2E005D273C /* Build configuration list for PBXProject "NoiteHoje-v2" */ = {
			isa = XCConfigurationList;
			buildConfigurations = (
				555A384315D83D2F005D273C /* Debug */,
				555A384415D83D2F005D273C /* Release */,
			);
			defaultConfigurationIsVisible = 0;
			defaultConfigurationName = Release;
		};
		555A384515D83D2F005D273C /* Build configuration list for PBXNativeTarget "NoiteHoje" */ = {
			isa = XCConfigurationList;
			buildConfigurations = (
				555A384615D83D2F005D273C /* Debug */,
				555A384715D83D2F005D273C /* Release */,
			);
			defaultConfigurationIsVisible = 0;
			defaultConfigurationName = Release;
		};
		555A384815D83D2F005D273C /* Build configuration list for PBXNativeTarget "NoiteHojeTests" */ = {
			isa = XCConfigurationList;
			buildConfigurations = (
				555A384915D83D2F005D273C /* Debug */,
				555A384A15D83D2F005D273C /* Release */,
			);
			defaultConfigurationIsVisible = 0;
			defaultConfigurationName = Release;
		};
/* End XCConfigurationList section */
	};
	rootObject = 555A380315D83D2E005D273C /* Project object */;
}
