// !$*UTF8*$!
{
	archiveVersion = 1;
	classes = {
	};
	objectVersion = 46;
	objects = {

/* Begin PBXBuildFile section */
		552854AC15D8385A00EA8F71 /* UIKit.framework in Frameworks */ = {isa = PBXBuildFile; fileRef = 552854AB15D8385A00EA8F71 /* UIKit.framework */; };
		552854AE15D8385A00EA8F71 /* Foundation.framework in Frameworks */ = {isa = PBXBuildFile; fileRef = 552854AD15D8385A00EA8F71 /* Foundation.framework */; };
		552854B015D8385A00EA8F71 /* CoreGraphics.framework in Frameworks */ = {isa = PBXBuildFile; fileRef = 552854AF15D8385A00EA8F71 /* CoreGraphics.framework */; };
		552854B615D8385A00EA8F71 /* InfoPlist.strings in Resources */ = {isa = PBXBuildFile; fileRef = 552854B415D8385A00EA8F71 /* InfoPlist.strings */; };
		552854B815D8385A00EA8F71 /* main.m in Sources */ = {isa = PBXBuildFile; fileRef = 552854B715D8385A00EA8F71 /* main.m */; };
		552854BC15D8385A00EA8F71 /* br_com_noitehojeAppDelegate.m in Sources */ = {isa = PBXBuildFile; fileRef = 552854BB15D8385A00EA8F71 /* br_com_noitehojeAppDelegate.m */; };
		552854BF15D8385A00EA8F71 /* MainStoryboard_iPhone.storyboard in Resources */ = {isa = PBXBuildFile; fileRef = 552854BD15D8385A00EA8F71 /* MainStoryboard_iPhone.storyboard */; };
		552854C215D8385A00EA8F71 /* MainStoryboard_iPad.storyboard in Resources */ = {isa = PBXBuildFile; fileRef = 552854C015D8385A00EA8F71 /* MainStoryboard_iPad.storyboard */; };
		552854C515D8385A00EA8F71 /* br_com_noitehojeMasterViewController.m in Sources */ = {isa = PBXBuildFile; fileRef = 552854C415D8385A00EA8F71 /* br_com_noitehojeMasterViewController.m */; };
		552854C815D8385A00EA8F71 /* br_com_noitehojeDetailViewController.m in Sources */ = {isa = PBXBuildFile; fileRef = 552854C715D8385A00EA8F71 /* br_com_noitehojeDetailViewController.m */; };
		552854D015D8385B00EA8F71 /* SenTestingKit.framework in Frameworks */ = {isa = PBXBuildFile; fileRef = 552854CF15D8385B00EA8F71 /* SenTestingKit.framework */; };
		552854D115D8385B00EA8F71 /* UIKit.framework in Frameworks */ = {isa = PBXBuildFile; fileRef = 552854AB15D8385A00EA8F71 /* UIKit.framework */; };
		552854D215D8385B00EA8F71 /* Foundation.framework in Frameworks */ = {isa = PBXBuildFile; fileRef = 552854AD15D8385A00EA8F71 /* Foundation.framework */; };
		552854DA15D8385B00EA8F71 /* InfoPlist.strings in Resources */ = {isa = PBXBuildFile; fileRef = 552854D815D8385B00EA8F71 /* InfoPlist.strings */; };
		552854DD15D8385B00EA8F71 /* Noite_HojeTests.m in Sources */ = {isa = PBXBuildFile; fileRef = 552854DC15D8385B00EA8F71 /* Noite_HojeTests.m */; };
/* End PBXBuildFile section */

/* Begin PBXContainerItemProxy section */
		552854D315D8385B00EA8F71 /* PBXContainerItemProxy */ = {
			isa = PBXContainerItemProxy;
			containerPortal = 5528549E15D8385A00EA8F71 /* Project object */;
			proxyType = 1;
			remoteGlobalIDString = 552854A615D8385A00EA8F71;
			remoteInfo = "Noite Hoje";
		};
/* End PBXContainerItemProxy section */

/* Begin PBXFileReference section */
		552854A715D8385A00EA8F71 /* Noite Hoje.app */ = {isa = PBXFileReference; explicitFileType = wrapper.application; includeInIndex = 0; path = "Noite Hoje.app"; sourceTree = BUILT_PRODUCTS_DIR; };
		552854AB15D8385A00EA8F71 /* UIKit.framework */ = {isa = PBXFileReference; lastKnownFileType = wrapper.framework; name = UIKit.framework; path = System/Library/Frameworks/UIKit.framework; sourceTree = SDKROOT; };
		552854AD15D8385A00EA8F71 /* Foundation.framework */ = {isa = PBXFileReference; lastKnownFileType = wrapper.framework; name = Foundation.framework; path = System/Library/Frameworks/Foundation.framework; sourceTree = SDKROOT; };
		552854AF15D8385A00EA8F71 /* CoreGraphics.framework */ = {isa = PBXFileReference; lastKnownFileType = wrapper.framework; name = CoreGraphics.framework; path = System/Library/Frameworks/CoreGraphics.framework; sourceTree = SDKROOT; };
		552854B315D8385A00EA8F71 /* Noite Hoje-Info.plist */ = {isa = PBXFileReference; lastKnownFileType = text.plist.xml; path = "Noite Hoje-Info.plist"; sourceTree = "<group>"; };
		552854B515D8385A00EA8F71 /* en */ = {isa = PBXFileReference; lastKnownFileType = text.plist.strings; name = en; path = en.lproj/InfoPlist.strings; sourceTree = "<group>"; };
		552854B715D8385A00EA8F71 /* main.m */ = {isa = PBXFileReference; lastKnownFileType = sourcecode.c.objc; path = main.m; sourceTree = "<group>"; };
		552854B915D8385A00EA8F71 /* Noite Hoje-Prefix.pch */ = {isa = PBXFileReference; lastKnownFileType = sourcecode.c.h; path = "Noite Hoje-Prefix.pch"; sourceTree = "<group>"; };
		552854BA15D8385A00EA8F71 /* br_com_noitehojeAppDelegate.h */ = {isa = PBXFileReference; lastKnownFileType = sourcecode.c.h; path = br_com_noitehojeAppDelegate.h; sourceTree = "<group>"; };
		552854BB15D8385A00EA8F71 /* br_com_noitehojeAppDelegate.m */ = {isa = PBXFileReference; lastKnownFileType = sourcecode.c.objc; path = br_com_noitehojeAppDelegate.m; sourceTree = "<group>"; };
		552854BE15D8385A00EA8F71 /* en */ = {isa = PBXFileReference; lastKnownFileType = file.storyboard; name = en; path = en.lproj/MainStoryboard_iPhone.storyboard; sourceTree = "<group>"; };
		552854C115D8385A00EA8F71 /* en */ = {isa = PBXFileReference; lastKnownFileType = file.storyboard; name = en; path = en.lproj/MainStoryboard_iPad.storyboard; sourceTree = "<group>"; };
		552854C315D8385A00EA8F71 /* br_com_noitehojeMasterViewController.h */ = {isa = PBXFileReference; lastKnownFileType = sourcecode.c.h; path = br_com_noitehojeMasterViewController.h; sourceTree = "<group>"; };
		552854C415D8385A00EA8F71 /* br_com_noitehojeMasterViewController.m */ = {isa = PBXFileReference; lastKnownFileType = sourcecode.c.objc; path = br_com_noitehojeMasterViewController.m; sourceTree = "<group>"; };
		552854C615D8385A00EA8F71 /* br_com_noitehojeDetailViewController.h */ = {isa = PBXFileReference; lastKnownFileType = sourcecode.c.h; path = br_com_noitehojeDetailViewController.h; sourceTree = "<group>"; };
		552854C715D8385A00EA8F71 /* br_com_noitehojeDetailViewController.m */ = {isa = PBXFileReference; lastKnownFileType = sourcecode.c.objc; path = br_com_noitehojeDetailViewController.m; sourceTree = "<group>"; };
		552854CE15D8385B00EA8F71 /* Noite HojeTests.octest */ = {isa = PBXFileReference; explicitFileType = wrapper.cfbundle; includeInIndex = 0; path = "Noite HojeTests.octest"; sourceTree = BUILT_PRODUCTS_DIR; };
		552854CF15D8385B00EA8F71 /* SenTestingKit.framework */ = {isa = PBXFileReference; lastKnownFileType = wrapper.framework; name = SenTestingKit.framework; path = Library/Frameworks/SenTestingKit.framework; sourceTree = DEVELOPER_DIR; };
		552854D715D8385B00EA8F71 /* Noite HojeTests-Info.plist */ = {isa = PBXFileReference; lastKnownFileType = text.plist.xml; path = "Noite HojeTests-Info.plist"; sourceTree = "<group>"; };
		552854D915D8385B00EA8F71 /* en */ = {isa = PBXFileReference; lastKnownFileType = text.plist.strings; name = en; path = en.lproj/InfoPlist.strings; sourceTree = "<group>"; };
		552854DB15D8385B00EA8F71 /* Noite_HojeTests.h */ = {isa = PBXFileReference; lastKnownFileType = sourcecode.c.h; path = Noite_HojeTests.h; sourceTree = "<group>"; };
		552854DC15D8385B00EA8F71 /* Noite_HojeTests.m */ = {isa = PBXFileReference; lastKnownFileType = sourcecode.c.objc; path = Noite_HojeTests.m; sourceTree = "<group>"; };
/* End PBXFileReference section */

/* Begin PBXFrameworksBuildPhase section */
		552854A415D8385A00EA8F71 /* Frameworks */ = {
			isa = PBXFrameworksBuildPhase;
			buildActionMask = 2147483647;
			files = (
				552854AC15D8385A00EA8F71 /* UIKit.framework in Frameworks */,
				552854AE15D8385A00EA8F71 /* Foundation.framework in Frameworks */,
				552854B015D8385A00EA8F71 /* CoreGraphics.framework in Frameworks */,
			);
			runOnlyForDeploymentPostprocessing = 0;
		};
		552854CA15D8385B00EA8F71 /* Frameworks */ = {
			isa = PBXFrameworksBuildPhase;
			buildActionMask = 2147483647;
			files = (
				552854D015D8385B00EA8F71 /* SenTestingKit.framework in Frameworks */,
				552854D115D8385B00EA8F71 /* UIKit.framework in Frameworks */,
				552854D215D8385B00EA8F71 /* Foundation.framework in Frameworks */,
			);
			runOnlyForDeploymentPostprocessing = 0;
		};
/* End PBXFrameworksBuildPhase section */

/* Begin PBXGroup section */
		5528549C15D8385A00EA8F71 = {
			isa = PBXGroup;
			children = (
				552854B115D8385A00EA8F71 /* Noite Hoje */,
				552854D515D8385B00EA8F71 /* Noite HojeTests */,
				552854AA15D8385A00EA8F71 /* Frameworks */,
				552854A815D8385A00EA8F71 /* Products */,
			);
			indentWidth = 2;
			sourceTree = "<group>";
			tabWidth = 2;
			wrapsLines = 0;
		};
		552854A815D8385A00EA8F71 /* Products */ = {
			isa = PBXGroup;
			children = (
				552854A715D8385A00EA8F71 /* Noite Hoje.app */,
				552854CE15D8385B00EA8F71 /* Noite HojeTests.octest */,
			);
			name = Products;
			sourceTree = "<group>";
		};
		552854AA15D8385A00EA8F71 /* Frameworks */ = {
			isa = PBXGroup;
			children = (
				552854AB15D8385A00EA8F71 /* UIKit.framework */,
				552854AD15D8385A00EA8F71 /* Foundation.framework */,
				552854AF15D8385A00EA8F71 /* CoreGraphics.framework */,
				552854CF15D8385B00EA8F71 /* SenTestingKit.framework */,
			);
			name = Frameworks;
			sourceTree = "<group>";
		};
		552854B115D8385A00EA8F71 /* Noite Hoje */ = {
			isa = PBXGroup;
			children = (
				552854BA15D8385A00EA8F71 /* br_com_noitehojeAppDelegate.h */,
				552854BB15D8385A00EA8F71 /* br_com_noitehojeAppDelegate.m */,
				552854BD15D8385A00EA8F71 /* MainStoryboard_iPhone.storyboard */,
				552854C015D8385A00EA8F71 /* MainStoryboard_iPad.storyboard */,
				552854C315D8385A00EA8F71 /* br_com_noitehojeMasterViewController.h */,
				552854C415D8385A00EA8F71 /* br_com_noitehojeMasterViewController.m */,
				552854C615D8385A00EA8F71 /* br_com_noitehojeDetailViewController.h */,
				552854C715D8385A00EA8F71 /* br_com_noitehojeDetailViewController.m */,
				552854B215D8385A00EA8F71 /* Supporting Files */,
			);
			path = "Noite Hoje";
			sourceTree = "<group>";
		};
		552854B215D8385A00EA8F71 /* Supporting Files */ = {
			isa = PBXGroup;
			children = (
				552854B315D8385A00EA8F71 /* Noite Hoje-Info.plist */,
				552854B415D8385A00EA8F71 /* InfoPlist.strings */,
				552854B715D8385A00EA8F71 /* main.m */,
				552854B915D8385A00EA8F71 /* Noite Hoje-Prefix.pch */,
			);
			name = "Supporting Files";
			sourceTree = "<group>";
		};
		552854D515D8385B00EA8F71 /* Noite HojeTests */ = {
			isa = PBXGroup;
			children = (
				552854DB15D8385B00EA8F71 /* Noite_HojeTests.h */,
				552854DC15D8385B00EA8F71 /* Noite_HojeTests.m */,
				552854D615D8385B00EA8F71 /* Supporting Files */,
			);
			path = "Noite HojeTests";
			sourceTree = "<group>";
		};
		552854D615D8385B00EA8F71 /* Supporting Files */ = {
			isa = PBXGroup;
			children = (
				552854D715D8385B00EA8F71 /* Noite HojeTests-Info.plist */,
				552854D815D8385B00EA8F71 /* InfoPlist.strings */,
			);
			name = "Supporting Files";
			sourceTree = "<group>";
		};
/* End PBXGroup section */

/* Begin PBXNativeTarget section */
		552854A615D8385A00EA8F71 /* Noite Hoje */ = {
			isa = PBXNativeTarget;
			buildConfigurationList = 552854E015D8385B00EA8F71 /* Build configuration list for PBXNativeTarget "Noite Hoje" */;
			buildPhases = (
				552854A315D8385A00EA8F71 /* Sources */,
				552854A415D8385A00EA8F71 /* Frameworks */,
				552854A515D8385A00EA8F71 /* Resources */,
			);
			buildRules = (
			);
			dependencies = (
			);
			name = "Noite Hoje";
			productName = "Noite Hoje";
			productReference = 552854A715D8385A00EA8F71 /* Noite Hoje.app */;
			productType = "com.apple.product-type.application";
		};
		552854CD15D8385B00EA8F71 /* Noite HojeTests */ = {
			isa = PBXNativeTarget;
			buildConfigurationList = 552854E315D8385B00EA8F71 /* Build configuration list for PBXNativeTarget "Noite HojeTests" */;
			buildPhases = (
				552854C915D8385B00EA8F71 /* Sources */,
				552854CA15D8385B00EA8F71 /* Frameworks */,
				552854CB15D8385B00EA8F71 /* Resources */,
				552854CC15D8385B00EA8F71 /* ShellScript */,
			);
			buildRules = (
			);
			dependencies = (
				552854D415D8385B00EA8F71 /* PBXTargetDependency */,
			);
			name = "Noite HojeTests";
			productName = "Noite HojeTests";
			productReference = 552854CE15D8385B00EA8F71 /* Noite HojeTests.octest */;
			productType = "com.apple.product-type.bundle";
		};
/* End PBXNativeTarget section */

/* Begin PBXProject section */
		5528549E15D8385A00EA8F71 /* Project object */ = {
			isa = PBXProject;
			attributes = {
				CLASSPREFIX = br.com.noitehoje;
				LastUpgradeCheck = 0440;
				ORGANIZATIONNAME = "Noite Hoje";
			};
			buildConfigurationList = 552854A115D8385A00EA8F71 /* Build configuration list for PBXProject "Noite Hoje" */;
			compatibilityVersion = "Xcode 3.2";
			developmentRegion = English;
			hasScannedForEncodings = 0;
			knownRegions = (
				en,
			);
			mainGroup = 5528549C15D8385A00EA8F71;
			productRefGroup = 552854A815D8385A00EA8F71 /* Products */;
			projectDirPath = "";
			projectRoot = "";
			targets = (
				552854A615D8385A00EA8F71 /* Noite Hoje */,
				552854CD15D8385B00EA8F71 /* Noite HojeTests */,
			);
		};
/* End PBXProject section */

/* Begin PBXResourcesBuildPhase section */
		552854A515D8385A00EA8F71 /* Resources */ = {
			isa = PBXResourcesBuildPhase;
			buildActionMask = 2147483647;
			files = (
				552854B615D8385A00EA8F71 /* InfoPlist.strings in Resources */,
				552854BF15D8385A00EA8F71 /* MainStoryboard_iPhone.storyboard in Resources */,
				552854C215D8385A00EA8F71 /* MainStoryboard_iPad.storyboard in Resources */,
			);
			runOnlyForDeploymentPostprocessing = 0;
		};
		552854CB15D8385B00EA8F71 /* Resources */ = {
			isa = PBXResourcesBuildPhase;
			buildActionMask = 2147483647;
			files = (
				552854DA15D8385B00EA8F71 /* InfoPlist.strings in Resources */,
			);
			runOnlyForDeploymentPostprocessing = 0;
		};
/* End PBXResourcesBuildPhase section */

/* Begin PBXShellScriptBuildPhase section */
		552854CC15D8385B00EA8F71 /* ShellScript */ = {
			isa = PBXShellScriptBuildPhase;
			buildActionMask = 2147483647;
			files = (
			);
			inputPaths = (
			);
			outputPaths = (
			);
			runOnlyForDeploymentPostprocessing = 0;
			shellPath = /bin/sh;
			shellScript = "# Run the unit tests in this test bundle.\n\"${SYSTEM_DEVELOPER_DIR}/Tools/RunUnitTests\"\n";
		};
/* End PBXShellScriptBuildPhase section */

/* Begin PBXSourcesBuildPhase section */
		552854A315D8385A00EA8F71 /* Sources */ = {
			isa = PBXSourcesBuildPhase;
			buildActionMask = 2147483647;
			files = (
				552854B815D8385A00EA8F71 /* main.m in Sources */,
				552854BC15D8385A00EA8F71 /* br_com_noitehojeAppDelegate.m in Sources */,
				552854C515D8385A00EA8F71 /* br_com_noitehojeMasterViewController.m in Sources */,
				552854C815D8385A00EA8F71 /* br_com_noitehojeDetailViewController.m in Sources */,
			);
			runOnlyForDeploymentPostprocessing = 0;
		};
		552854C915D8385B00EA8F71 /* Sources */ = {
			isa = PBXSourcesBuildPhase;
			buildActionMask = 2147483647;
			files = (
				552854DD15D8385B00EA8F71 /* Noite_HojeTests.m in Sources */,
			);
			runOnlyForDeploymentPostprocessing = 0;
		};
/* End PBXSourcesBuildPhase section */

/* Begin PBXTargetDependency section */
		552854D415D8385B00EA8F71 /* PBXTargetDependency */ = {
			isa = PBXTargetDependency;
			target = 552854A615D8385A00EA8F71 /* Noite Hoje */;
			targetProxy = 552854D315D8385B00EA8F71 /* PBXContainerItemProxy */;
		};
/* End PBXTargetDependency section */

/* Begin PBXVariantGroup section */
		552854B415D8385A00EA8F71 /* InfoPlist.strings */ = {
			isa = PBXVariantGroup;
			children = (
				552854B515D8385A00EA8F71 /* en */,
			);
			name = InfoPlist.strings;
			sourceTree = "<group>";
		};
		552854BD15D8385A00EA8F71 /* MainStoryboard_iPhone.storyboard */ = {
			isa = PBXVariantGroup;
			children = (
				552854BE15D8385A00EA8F71 /* en */,
			);
			name = MainStoryboard_iPhone.storyboard;
			sourceTree = "<group>";
		};
		552854C015D8385A00EA8F71 /* MainStoryboard_iPad.storyboard */ = {
			isa = PBXVariantGroup;
			children = (
				552854C115D8385A00EA8F71 /* en */,
			);
			name = MainStoryboard_iPad.storyboard;
			sourceTree = "<group>";
		};
		552854D815D8385B00EA8F71 /* InfoPlist.strings */ = {
			isa = PBXVariantGroup;
			children = (
				552854D915D8385B00EA8F71 /* en */,
			);
			name = InfoPlist.strings;
			sourceTree = "<group>";
		};
/* End PBXVariantGroup section */

/* Begin XCBuildConfiguration section */
		552854DE15D8385B00EA8F71 /* Debug */ = {
			isa = XCBuildConfiguration;
			buildSettings = {
				ALWAYS_SEARCH_USER_PATHS = NO;
				ARCHS = "$(ARCHS_STANDARD_32_BIT)";
				CLANG_CXX_LANGUAGE_STANDARD = "gnu++0x";
				CLANG_ENABLE_OBJC_ARC = YES;
				CLANG_WARN__DUPLICATE_METHOD_MATCH = YES;
				"CODE_SIGN_IDENTITY[sdk=iphoneos*]" = "iPhone Developer";
				COPY_PHASE_STRIP = NO;
				GCC_C_LANGUAGE_STANDARD = gnu99;
				GCC_DYNAMIC_NO_PIC = NO;
				GCC_OPTIMIZATION_LEVEL = 0;
				GCC_PREPROCESSOR_DEFINITIONS = (
					"DEBUG=1",
					"$(inherited)",
				);
				GCC_SYMBOLS_PRIVATE_EXTERN = NO;
				GCC_VERSION = com.apple.compilers.llvm.clang.1_0;
				GCC_WARN_ABOUT_RETURN_TYPE = YES;
				GCC_WARN_UNINITIALIZED_AUTOS = YES;
				GCC_WARN_UNUSED_VARIABLE = YES;
				IPHONEOS_DEPLOYMENT_TARGET = 5.1;
				SDKROOT = iphoneos;
				TARGETED_DEVICE_FAMILY = "1,2";
			};
			name = Debug;
		};
		552854DF15D8385B00EA8F71 /* Release */ = {
			isa = XCBuildConfiguration;
			buildSettings = {
				ALWAYS_SEARCH_USER_PATHS = NO;
				ARCHS = "$(ARCHS_STANDARD_32_BIT)";
				CLANG_CXX_LANGUAGE_STANDARD = "gnu++0x";
				CLANG_ENABLE_OBJC_ARC = YES;
				CLANG_WARN__DUPLICATE_METHOD_MATCH = YES;
				"CODE_SIGN_IDENTITY[sdk=iphoneos*]" = "iPhone Developer";
				COPY_PHASE_STRIP = YES;
				GCC_C_LANGUAGE_STANDARD = gnu99;
				GCC_VERSION = com.apple.compilers.llvm.clang.1_0;
				GCC_WARN_ABOUT_RETURN_TYPE = YES;
				GCC_WARN_UNINITIALIZED_AUTOS = YES;
				GCC_WARN_UNUSED_VARIABLE = YES;
				IPHONEOS_DEPLOYMENT_TARGET = 5.1;
				OTHER_CFLAGS = "-DNS_BLOCK_ASSERTIONS=1";
				SDKROOT = iphoneos;
				TARGETED_DEVICE_FAMILY = "1,2";
				VALIDATE_PRODUCT = YES;
			};
			name = Release;
		};
		552854E115D8385B00EA8F71 /* Debug */ = {
			isa = XCBuildConfiguration;
			buildSettings = {
				GCC_PRECOMPILE_PREFIX_HEADER = YES;
				GCC_PREFIX_HEADER = "Noite Hoje/Noite Hoje-Prefix.pch";
				INFOPLIST_FILE = "Noite Hoje/Noite Hoje-Info.plist";
				PRODUCT_NAME = "$(TARGET_NAME)";
				WRAPPER_EXTENSION = app;
			};
			name = Debug;
		};
		552854E215D8385B00EA8F71 /* Release */ = {
			isa = XCBuildConfiguration;
			buildSettings = {
				GCC_PRECOMPILE_PREFIX_HEADER = YES;
				GCC_PREFIX_HEADER = "Noite Hoje/Noite Hoje-Prefix.pch";
				INFOPLIST_FILE = "Noite Hoje/Noite Hoje-Info.plist";
				PRODUCT_NAME = "$(TARGET_NAME)";
				WRAPPER_EXTENSION = app;
			};
			name = Release;
		};
		552854E415D8385B00EA8F71 /* Debug */ = {
			isa = XCBuildConfiguration;
			buildSettings = {
				BUNDLE_LOADER = "$(BUILT_PRODUCTS_DIR)/Noite Hoje.app/Noite Hoje";
				FRAMEWORK_SEARCH_PATHS = (
					"\"$(SDKROOT)/Developer/Library/Frameworks\"",
					"\"$(DEVELOPER_LIBRARY_DIR)/Frameworks\"",
				);
				GCC_PRECOMPILE_PREFIX_HEADER = YES;
				GCC_PREFIX_HEADER = "Noite Hoje/Noite Hoje-Prefix.pch";
				INFOPLIST_FILE = "Noite HojeTests/Noite HojeTests-Info.plist";
				PRODUCT_NAME = "$(TARGET_NAME)";
				TEST_HOST = "$(BUNDLE_LOADER)";
				WRAPPER_EXTENSION = octest;
			};
			name = Debug;
		};
		552854E515D8385B00EA8F71 /* Release */ = {
			isa = XCBuildConfiguration;
			buildSettings = {
				BUNDLE_LOADER = "$(BUILT_PRODUCTS_DIR)/Noite Hoje.app/Noite Hoje";
				FRAMEWORK_SEARCH_PATHS = (
					"\"$(SDKROOT)/Developer/Library/Frameworks\"",
					"\"$(DEVELOPER_LIBRARY_DIR)/Frameworks\"",
				);
				GCC_PRECOMPILE_PREFIX_HEADER = YES;
				GCC_PREFIX_HEADER = "Noite Hoje/Noite Hoje-Prefix.pch";
				INFOPLIST_FILE = "Noite HojeTests/Noite HojeTests-Info.plist";
				PRODUCT_NAME = "$(TARGET_NAME)";
				TEST_HOST = "$(BUNDLE_LOADER)";
				WRAPPER_EXTENSION = octest;
			};
			name = Release;
		};
/* End XCBuildConfiguration section */

/* Begin XCConfigurationList section */
		552854A115D8385A00EA8F71 /* Build configuration list for PBXProject "Noite Hoje" */ = {
			isa = XCConfigurationList;
			buildConfigurations = (
				552854DE15D8385B00EA8F71 /* Debug */,
				552854DF15D8385B00EA8F71 /* Release */,
			);
			defaultConfigurationIsVisible = 0;
			defaultConfigurationName = Release;
		};
		552854E015D8385B00EA8F71 /* Build configuration list for PBXNativeTarget "Noite Hoje" */ = {
			isa = XCConfigurationList;
			buildConfigurations = (
				552854E115D8385B00EA8F71 /* Debug */,
				552854E215D8385B00EA8F71 /* Release */,
			);
			defaultConfigurationIsVisible = 0;
		};
		552854E315D8385B00EA8F71 /* Build configuration list for PBXNativeTarget "Noite HojeTests" */ = {
			isa = XCConfigurationList;
			buildConfigurations = (
				552854E415D8385B00EA8F71 /* Debug */,
				552854E515D8385B00EA8F71 /* Release */,
			);
			defaultConfigurationIsVisible = 0;
		};
/* End XCConfigurationList section */
	};
	rootObject = 5528549E15D8385A00EA8F71 /* Project object */;
}
